
Microsoft Visual Studio Solution File, Format Version 12.00
# Visual Studio Version 17
VisualStudioVersion = 17.14.36109.1
MinimumVisualStudioVersion = 10.0.40219.1
Project("{FAE04EC0-301F-11D3-BF4B-00C04F79EFBC}") = "WebAppInventarioS", "WebAppInventarioS\WebAppInventarioS.csproj", "{F2939983-C0C9-415E-9D37-7031A4E44548}"
EndProject
Global
	GlobalSection(SolutionConfigurationPlatforms) = preSolution
		Debug|Any CPU = Debug|Any CPU
		Release|Any CPU = Release|Any CPU
	EndGlobalSection
	GlobalSection(ProjectConfigurationPlatforms) = postSolution
		{F2939983-C0C9-415E-9D37-7031A4E44548}.Debug|Any CPU.ActiveCfg = Debug|Any CPU
		{F2939983-C0C9-415E-9D37-7031A4E44548}.Debug|Any CPU.Build.0 = Debug|Any CPU
		{F2939983-C0C9-415E-9D37-7031A4E44548}.Release|Any CPU.ActiveCfg = Release|Any CPU
		{F2939983-C0C9-415E-9D37-7031A4E44548}.Release|Any CPU.Build.0 = Release|Any CPU
	EndGlobalSection
	GlobalSection(SolutionProperties) = preSolution
		HideSolutionNode = FALSE
	EndGlobalSection
	GlobalSection(ExtensibilityGlobals) = postSolution
		SolutionGuid = {772D6110-D9D0-433C-A55A-2457CE3AC0D1}
	EndGlobalSection
EndGlobal
